// !$*UTF8*$!
{
	archiveVersion = 1;
	classes = {
	};
	objectVersion = 77;
	objects = {

/* Begin PBXBuildFile section */
		2C008CD62D56757700225417 /* codemagic.yaml in Resources */ = {isa = PBXBuildFile; fileRef = 2C008CD52D56757100225417 /* codemagic.yaml */; };
		2C008CD82D56776400225417 /* README.md in Resources */ = {isa = PBXBuildFile; fileRef = 2C008CD72D56775F00225417 /* README.md */; };
		2C008DDE2D570B8E00225417 /* Core in Frameworks */ = {isa = PBXBuildFile; productRef = 2C008DDD2D570B8E00225417 /* Core */; };
		2C6CF6A62D4488BE001B7123 /* Kingfisher in Frameworks */ = {isa = PBXBuildFile; productRef = 2C6CF6A52D4488BE001B7123 /* Kingfisher */; };
		2C6CF72E2D4614C0001B7123 /* .swiftlint.yml in Resources */ = {isa = PBXBuildFile; fileRef = 2C6CF72D2D4614C0001B7123 /* .swiftlint.yml */; };
		2C6CF85F2D4882BD001B7123 /* Alamofire in Frameworks */ = {isa = PBXBuildFile; productRef = 2C6CF85E2D4882BD001B7123 /* Alamofire */; };
		2C6CF8642D488321001B7123 /* RxCocoa in Frameworks */ = {isa = PBXBuildFile; productRef = 2C6CF8632D488321001B7123 /* RxCocoa */; };
		2C6CF8662D488321001B7123 /* RxSwift in Frameworks */ = {isa = PBXBuildFile; productRef = 2C6CF8652D488321001B7123 /* RxSwift */; };
		2C6CF8692D48838D001B7123 /* Swinject in Frameworks */ = {isa = PBXBuildFile; productRef = 2C6CF8682D48838D001B7123 /* Swinject */; };
/* End PBXBuildFile section */

/* Begin PBXContainerItemProxy section */
		2C008D5B2D5682BF00225417 /* PBXContainerItemProxy */ = {
			isa = PBXContainerItemProxy;
			containerPortal = 2C668C092D44037600A12247 /* Project object */;
			proxyType = 1;
			remoteGlobalIDString = 2C668C102D44037600A12247;
			remoteInfo = GameCatalogApp;
		};
/* End PBXContainerItemProxy section */

/* Begin PBXCopyFilesBuildPhase section */
		2C6CF86F2D48920A001B7123 /* Embed Frameworks */ = {
			isa = PBXCopyFilesBuildPhase;
			buildActionMask = 2147483647;
			dstPath = "";
			dstSubfolderSpec = 10;
			files = (
			);
			name = "Embed Frameworks";
			runOnlyForDeploymentPostprocessing = 0;
		};
/* End PBXCopyFilesBuildPhase section */

/* Begin PBXFileReference section */
		2C008CD52D56757100225417 /* codemagic.yaml */ = {isa = PBXFileReference; lastKnownFileType = text.yaml; path = codemagic.yaml; sourceTree = "<group>"; };
		2C008CD72D56775F00225417 /* README.md */ = {isa = PBXFileReference; lastKnownFileType = net.daringfireball.markdown; path = README.md; sourceTree = "<group>"; };
		2C008D572D5682BF00225417 /* GameCatalogAppTests.xctest */ = {isa = PBXFileReference; explicitFileType = wrapper.cfbundle; includeInIndex = 0; path = GameCatalogAppTests.xctest; sourceTree = BUILT_PRODUCTS_DIR; };
		2C668C112D44037600A12247 /* GameCatalogApp.app */ = {isa = PBXFileReference; explicitFileType = wrapper.application; includeInIndex = 0; path = GameCatalogApp.app; sourceTree = BUILT_PRODUCTS_DIR; };
		2C6CF72D2D4614C0001B7123 /* .swiftlint.yml */ = {isa = PBXFileReference; lastKnownFileType = text.yaml; path = .swiftlint.yml; sourceTree = "<group>"; };
/* End PBXFileReference section */

/* Begin PBXFileSystemSynchronizedBuildFileExceptionSet section */
		2C668C232D44037800A12247 /* Exceptions for "GameCatalogApp" folder in "GameCatalogApp" target */ = {
			isa = PBXFileSystemSynchronizedBuildFileExceptionSet;
			membershipExceptions = (
				"Supporting Files/Info.plist",
			);
			target = 2C668C102D44037600A12247 /* GameCatalogApp */;
		};
/* End PBXFileSystemSynchronizedBuildFileExceptionSet section */

/* Begin PBXFileSystemSynchronizedRootGroup section */
		2C008D582D5682BF00225417 /* GameCatalogAppTests */ = {
			isa = PBXFileSystemSynchronizedRootGroup;
			path = GameCatalogAppTests;
			sourceTree = "<group>";
		};
		2C668C132D44037600A12247 /* GameCatalogApp */ = {
			isa = PBXFileSystemSynchronizedRootGroup;
			exceptions = (
				2C668C232D44037800A12247 /* Exceptions for "GameCatalogApp" folder in "GameCatalogApp" target */,
			);
			path = GameCatalogApp;
			sourceTree = "<group>";
		};
/* End PBXFileSystemSynchronizedRootGroup section */

/* Begin PBXFrameworksBuildPhase section */
		2C008D542D5682BF00225417 /* Frameworks */ = {
			isa = PBXFrameworksBuildPhase;
			buildActionMask = 2147483647;
			files = (
			);
			runOnlyForDeploymentPostprocessing = 0;
		};
		2C668C0E2D44037600A12247 /* Frameworks */ = {
			isa = PBXFrameworksBuildPhase;
			buildActionMask = 2147483647;
			files = (
				2C6CF6A62D4488BE001B7123 /* Kingfisher in Frameworks */,
				2C6CF8662D488321001B7123 /* RxSwift in Frameworks */,
				2C6CF8642D488321001B7123 /* RxCocoa in Frameworks */,
				2C6CF85F2D4882BD001B7123 /* Alamofire in Frameworks */,
				2C6CF8692D48838D001B7123 /* Swinject in Frameworks */,
				2C008DDE2D570B8E00225417 /* Core in Frameworks */,
			);
			runOnlyForDeploymentPostprocessing = 0;
		};
/* End PBXFrameworksBuildPhase section */

/* Begin PBXGroup section */
		2C668C082D44037600A12247 = {
			isa = PBXGroup;
			children = (
				2C008CD72D56775F00225417 /* README.md */,
				2C008CD52D56757100225417 /* codemagic.yaml */,
				2C6CF72D2D4614C0001B7123 /* .swiftlint.yml */,
				2C668C132D44037600A12247 /* GameCatalogApp */,
				2C008D582D5682BF00225417 /* GameCatalogAppTests */,
				2C668C122D44037600A12247 /* Products */,
			);
			sourceTree = "<group>";
		};
		2C668C122D44037600A12247 /* Products */ = {
			isa = PBXGroup;
			children = (
				2C668C112D44037600A12247 /* GameCatalogApp.app */,
				2C008D572D5682BF00225417 /* GameCatalogAppTests.xctest */,
			);
			name = Products;
			sourceTree = "<group>";
		};
/* End PBXGroup section */

/* Begin PBXNativeTarget section */
		2C008D562D5682BF00225417 /* GameCatalogAppTests */ = {
			isa = PBXNativeTarget;
			buildConfigurationList = 2C008D5F2D5682BF00225417 /* Build configuration list for PBXNativeTarget "GameCatalogAppTests" */;
			buildPhases = (
				2C008D532D5682BF00225417 /* Sources */,
				2C008D542D5682BF00225417 /* Frameworks */,
				2C008D552D5682BF00225417 /* Resources */,
			);
			buildRules = (
			);
			dependencies = (
				2C008D5C2D5682BF00225417 /* PBXTargetDependency */,
			);
			fileSystemSynchronizedGroups = (
				2C008D582D5682BF00225417 /* GameCatalogAppTests */,
			);
			name = GameCatalogAppTests;
			packageProductDependencies = (
			);
			productName = GameCatalogAppTests;
			productReference = 2C008D572D5682BF00225417 /* GameCatalogAppTests.xctest */;
			productType = "com.apple.product-type.bundle.unit-test";
		};
		2C668C102D44037600A12247 /* GameCatalogApp */ = {
			isa = PBXNativeTarget;
			buildConfigurationList = 2C668C242D44037800A12247 /* Build configuration list for PBXNativeTarget "GameCatalogApp" */;
			buildPhases = (
				2C668C0D2D44037600A12247 /* Sources */,
				2C668C0E2D44037600A12247 /* Frameworks */,
				2C668C0F2D44037600A12247 /* Resources */,
				2C6CF72B2D460FE7001B7123 /* ShellScript */,
				2C6CF86F2D48920A001B7123 /* Embed Frameworks */,
			);
			buildRules = (
			);
			dependencies = (
			);
			fileSystemSynchronizedGroups = (
				2C668C132D44037600A12247 /* GameCatalogApp */,
			);
			name = GameCatalogApp;
			packageProductDependencies = (
				2C6CF6A52D4488BE001B7123 /* Kingfisher */,
				2C6CF85E2D4882BD001B7123 /* Alamofire */,
				2C6CF8632D488321001B7123 /* RxCocoa */,
				2C6CF8652D488321001B7123 /* RxSwift */,
				2C6CF8682D48838D001B7123 /* Swinject */,
				2C008DDD2D570B8E00225417 /* Core */,
			);
			productName = GameCatalogApp;
			productReference = 2C668C112D44037600A12247 /* GameCatalogApp.app */;
			productType = "com.apple.product-type.application";
		};
/* End PBXNativeTarget section */

/* Begin PBXProject section */
		2C668C092D44037600A12247 /* Project object */ = {
			isa = PBXProject;
			attributes = {
				BuildIndependentTargetsInParallel = 1;
				LastSwiftUpdateCheck = 1610;
				LastUpgradeCheck = 1610;
				TargetAttributes = {
					2C008D562D5682BF00225417 = {
						CreatedOnToolsVersion = 16.1;
						TestTargetID = 2C668C102D44037600A12247;
					};
					2C668C102D44037600A12247 = {
						CreatedOnToolsVersion = 16.1;
					};
				};
			};
			buildConfigurationList = 2C668C0C2D44037600A12247 /* Build configuration list for PBXProject "GameCatalogApp" */;
			developmentRegion = en;
			hasScannedForEncodings = 0;
			knownRegions = (
				en,
				Base,
			);
			mainGroup = 2C668C082D44037600A12247;
			minimizedProjectReferenceProxies = 1;
			packageReferences = (
				2C668C3C2D44818E00A12247 /* XCRemoteSwiftPackageReference "SwiftLintPlugins" */,
				2C6CF6A42D4488BE001B7123 /* XCRemoteSwiftPackageReference "Kingfisher" */,
				2C6CF85D2D4882BD001B7123 /* XCRemoteSwiftPackageReference "Alamofire" */,
				2C6CF8622D488321001B7123 /* XCRemoteSwiftPackageReference "RxSwift" */,
				2C6CF8672D48838D001B7123 /* XCRemoteSwiftPackageReference "Swinject" */,
				2C008ED72D570C2400225417 /* XCLocalSwiftPackageReference "Module/Core" */,
			);
			preferredProjectObjectVersion = 77;
			productRefGroup = 2C668C122D44037600A12247 /* Products */;
			projectDirPath = "";
			projectRoot = "";
			targets = (
				2C668C102D44037600A12247 /* GameCatalogApp */,
				2C008D562D5682BF00225417 /* GameCatalogAppTests */,
			);
		};
/* End PBXProject section */

/* Begin PBXResourcesBuildPhase section */
		2C008D552D5682BF00225417 /* Resources */ = {
			isa = PBXResourcesBuildPhase;
			buildActionMask = 2147483647;
			files = (
			);
			runOnlyForDeploymentPostprocessing = 0;
		};
		2C668C0F2D44037600A12247 /* Resources */ = {
			isa = PBXResourcesBuildPhase;
			buildActionMask = 2147483647;
			files = (
				2C008CD82D56776400225417 /* README.md in Resources */,
				2C008CD62D56757700225417 /* codemagic.yaml in Resources */,
				2C6CF72E2D4614C0001B7123 /* .swiftlint.yml in Resources */,
			);
			runOnlyForDeploymentPostprocessing = 0;
		};
/* End PBXResourcesBuildPhase section */

/* Begin PBXShellScriptBuildPhase section */
		2C6CF72B2D460FE7001B7123 /* ShellScript */ = {
			isa = PBXShellScriptBuildPhase;
			buildActionMask = 2147483647;
			files = (
			);
			inputFileListPaths = (
			);
			inputPaths = (
			);
			outputFileListPaths = (
			);
			outputPaths = (
			);
			runOnlyForDeploymentPostprocessing = 0;
			shellPath = /bin/sh;
			shellScript = "if [[ \"$(uname -m)\" == arm64 ]]; then\n    export PATH=\"/opt/homebrew/bin:$PATH\"\nfi\n \nif which swiftlint > /dev/null; then\n  swiftlint\nelse\n  echo \"warning: SwiftLint not installed, download from https://github.com/realm/SwiftLint\"\nfi\n";
		};
/* End PBXShellScriptBuildPhase section */

/* Begin PBXSourcesBuildPhase section */
		2C008D532D5682BF00225417 /* Sources */ = {
			isa = PBXSourcesBuildPhase;
			buildActionMask = 2147483647;
			files = (
			);
			runOnlyForDeploymentPostprocessing = 0;
		};
		2C668C0D2D44037600A12247 /* Sources */ = {
			isa = PBXSourcesBuildPhase;
			buildActionMask = 2147483647;
			files = (
			);
			runOnlyForDeploymentPostprocessing = 0;
		};
/* End PBXSourcesBuildPhase section */

/* Begin PBXTargetDependency section */
		2C008D5C2D5682BF00225417 /* PBXTargetDependency */ = {
			isa = PBXTargetDependency;
			target = 2C668C102D44037600A12247 /* GameCatalogApp */;
			targetProxy = 2C008D5B2D5682BF00225417 /* PBXContainerItemProxy */;
		};
/* End PBXTargetDependency section */

/* Begin XCBuildConfiguration section */
		2C008D5D2D5682BF00225417 /* Debug */ = {
			isa = XCBuildConfiguration;
			buildSettings = {
				BUNDLE_LOADER = "$(TEST_HOST)";
				CODE_SIGN_STYLE = Automatic;
				CURRENT_PROJECT_VERSION = 1;
				DEVELOPMENT_TEAM = BWGC5X6N92;
				ENABLE_USER_SCRIPT_SANDBOXING = YES;
				GENERATE_INFOPLIST_FILE = YES;
				MARKETING_VERSION = 1.0;
				PRODUCT_BUNDLE_IDENTIFIER = dev.mifachmi.GameCatalogAppTests;
				PRODUCT_NAME = "$(TARGET_NAME)";
				SWIFT_EMIT_LOC_STRINGS = NO;
				SWIFT_VERSION = 5.0;
				TARGETED_DEVICE_FAMILY = "1,2";
				TEST_HOST = "$(BUILT_PRODUCTS_DIR)/GameCatalogApp.app/$(BUNDLE_EXECUTABLE_FOLDER_PATH)/GameCatalogApp";
			};
			name = Debug;
		};
		2C008D5E2D5682BF00225417 /* Release */ = {
			isa = XCBuildConfiguration;
			buildSettings = {
				BUNDLE_LOADER = "$(TEST_HOST)";
				CODE_SIGN_STYLE = Automatic;
				CURRENT_PROJECT_VERSION = 1;
				DEVELOPMENT_TEAM = BWGC5X6N92;
				ENABLE_USER_SCRIPT_SANDBOXING = YES;
				GENERATE_INFOPLIST_FILE = YES;
				MARKETING_VERSION = 1.0;
				PRODUCT_BUNDLE_IDENTIFIER = dev.mifachmi.GameCatalogAppTests;
				PRODUCT_NAME = "$(TARGET_NAME)";
				SWIFT_EMIT_LOC_STRINGS = NO;
				SWIFT_VERSION = 5.0;
				TARGETED_DEVICE_FAMILY = "1,2";
				TEST_HOST = "$(BUILT_PRODUCTS_DIR)/GameCatalogApp.app/$(BUNDLE_EXECUTABLE_FOLDER_PATH)/GameCatalogApp";
			};
			name = Release;
		};
		2C668C252D44037800A12247 /* Debug */ = {
			isa = XCBuildConfiguration;
			buildSettings = {
				ASSETCATALOG_COMPILER_APPICON_NAME = AppIcon;
				ASSETCATALOG_COMPILER_GLOBAL_ACCENT_COLOR_NAME = AccentColor;
				CODE_SIGN_STYLE = Automatic;
				CURRENT_PROJECT_VERSION = 1;
				DEVELOPMENT_TEAM = BWGC5X6N92;
				GENERATE_INFOPLIST_FILE = YES;
				INFOPLIST_FILE = "GameCatalogApp/Supporting Files/Info.plist";
				INFOPLIST_KEY_UIApplicationSupportsIndirectInputEvents = YES;
				INFOPLIST_KEY_UILaunchStoryboardName = LaunchScreen;
				INFOPLIST_KEY_UISupportedInterfaceOrientations = UIInterfaceOrientationPortrait;
				INFOPLIST_KEY_UISupportedInterfaceOrientations_iPad = "UIInterfaceOrientationLandscapeLeft UIInterfaceOrientationLandscapeRight UIInterfaceOrientationPortrait UIInterfaceOrientationPortraitUpsideDown";
				IPHONEOS_DEPLOYMENT_TARGET = 17.5;
				LD_RUNPATH_SEARCH_PATHS = (
					"$(inherited)",
					"@executable_path/Frameworks",
				);
				MARKETING_VERSION = 1.0;
				PRODUCT_BUNDLE_IDENTIFIER = dev.mifachmi.GameCatalogApp;
				PRODUCT_NAME = "$(TARGET_NAME)";
				SWIFT_EMIT_LOC_STRINGS = YES;
				SWIFT_VERSION = 5.0;
				TARGETED_DEVICE_FAMILY = "1,2";
			};
			name = Debug;
		};
		2C668C262D44037800A12247 /* Release */ = {
			isa = XCBuildConfiguration;
			buildSettings = {
				ASSETCATALOG_COMPILER_APPICON_NAME = AppIcon;
				ASSETCATALOG_COMPILER_GLOBAL_ACCENT_COLOR_NAME = AccentColor;
				CODE_SIGN_STYLE = Automatic;
				CURRENT_PROJECT_VERSION = 1;
				DEVELOPMENT_TEAM = BWGC5X6N92;
				GENERATE_INFOPLIST_FILE = YES;
				INFOPLIST_FILE = "GameCatalogApp/Supporting Files/Info.plist";
				INFOPLIST_KEY_UIApplicationSupportsIndirectInputEvents = YES;
				INFOPLIST_KEY_UILaunchStoryboardName = LaunchScreen;
				INFOPLIST_KEY_UISupportedInterfaceOrientations = UIInterfaceOrientationPortrait;
				INFOPLIST_KEY_UISupportedInterfaceOrientations_iPad = "UIInterfaceOrientationLandscapeLeft UIInterfaceOrientationLandscapeRight UIInterfaceOrientationPortrait UIInterfaceOrientationPortraitUpsideDown";
				IPHONEOS_DEPLOYMENT_TARGET = 17.5;
				LD_RUNPATH_SEARCH_PATHS = (
					"$(inherited)",
					"@executable_path/Frameworks",
				);
				MARKETING_VERSION = 1.0;
				PRODUCT_BUNDLE_IDENTIFIER = dev.mifachmi.GameCatalogApp;
				PRODUCT_NAME = "$(TARGET_NAME)";
				SWIFT_EMIT_LOC_STRINGS = YES;
				SWIFT_VERSION = 5.0;
				TARGETED_DEVICE_FAMILY = "1,2";
			};
			name = Release;
		};
		2C668C272D44037800A12247 /* Debug */ = {
			isa = XCBuildConfiguration;
			buildSettings = {
				ALWAYS_SEARCH_USER_PATHS = NO;
				ASSETCATALOG_COMPILER_GENERATE_SWIFT_ASSET_SYMBOL_EXTENSIONS = YES;
				CLANG_ANALYZER_NONNULL = YES;
				CLANG_ANALYZER_NUMBER_OBJECT_CONVERSION = YES_AGGRESSIVE;
				CLANG_CXX_LANGUAGE_STANDARD = "gnu++20";
				CLANG_ENABLE_MODULES = YES;
				CLANG_ENABLE_OBJC_ARC = YES;
				CLANG_ENABLE_OBJC_WEAK = YES;
				CLANG_WARN_BLOCK_CAPTURE_AUTORELEASING = YES;
				CLANG_WARN_BOOL_CONVERSION = YES;
				CLANG_WARN_COMMA = YES;
				CLANG_WARN_CONSTANT_CONVERSION = YES;
				CLANG_WARN_DEPRECATED_OBJC_IMPLEMENTATIONS = YES;
				CLANG_WARN_DIRECT_OBJC_ISA_USAGE = YES_ERROR;
				CLANG_WARN_DOCUMENTATION_COMMENTS = YES;
				CLANG_WARN_EMPTY_BODY = YES;
				CLANG_WARN_ENUM_CONVERSION = YES;
				CLANG_WARN_INFINITE_RECURSION = YES;
				CLANG_WARN_INT_CONVERSION = YES;
				CLANG_WARN_NON_LITERAL_NULL_CONVERSION = YES;
				CLANG_WARN_OBJC_IMPLICIT_RETAIN_SELF = YES;
				CLANG_WARN_OBJC_LITERAL_CONVERSION = YES;
				CLANG_WARN_OBJC_ROOT_CLASS = YES_ERROR;
				CLANG_WARN_QUOTED_INCLUDE_IN_FRAMEWORK_HEADER = YES;
				CLANG_WARN_RANGE_LOOP_ANALYSIS = YES;
				CLANG_WARN_STRICT_PROTOTYPES = YES;
				CLANG_WARN_SUSPICIOUS_MOVE = YES;
				CLANG_WARN_UNGUARDED_AVAILABILITY = YES_AGGRESSIVE;
				CLANG_WARN_UNREACHABLE_CODE = YES;
				CLANG_WARN__DUPLICATE_METHOD_MATCH = YES;
				COPY_PHASE_STRIP = NO;
				DEBUG_INFORMATION_FORMAT = dwarf;
				ENABLE_STRICT_OBJC_MSGSEND = YES;
				ENABLE_TESTABILITY = YES;
				ENABLE_USER_SCRIPT_SANDBOXING = NO;
				GCC_C_LANGUAGE_STANDARD = gnu17;
				GCC_DYNAMIC_NO_PIC = NO;
				GCC_NO_COMMON_BLOCKS = YES;
				GCC_OPTIMIZATION_LEVEL = 0;
				GCC_PREPROCESSOR_DEFINITIONS = (
					"DEBUG=1",
					"$(inherited)",
				);
				GCC_WARN_64_TO_32_BIT_CONVERSION = YES;
				GCC_WARN_ABOUT_RETURN_TYPE = YES_ERROR;
				GCC_WARN_UNDECLARED_SELECTOR = YES;
				GCC_WARN_UNINITIALIZED_AUTOS = YES_AGGRESSIVE;
				GCC_WARN_UNUSED_FUNCTION = YES;
				GCC_WARN_UNUSED_VARIABLE = YES;
				IPHONEOS_DEPLOYMENT_TARGET = 18.1;
				LOCALIZATION_PREFERS_STRING_CATALOGS = YES;
				MTL_ENABLE_DEBUG_INFO = INCLUDE_SOURCE;
				MTL_FAST_MATH = YES;
				ONLY_ACTIVE_ARCH = YES;
				SDKROOT = iphoneos;
				SWIFT_ACTIVE_COMPILATION_CONDITIONS = "DEBUG $(inherited)";
				SWIFT_OPTIMIZATION_LEVEL = "-Onone";
			};
			name = Debug;
		};
		2C668C282D44037800A12247 /* Release */ = {
			isa = XCBuildConfiguration;
			buildSettings = {
				ALWAYS_SEARCH_USER_PATHS = NO;
				ASSETCATALOG_COMPILER_GENERATE_SWIFT_ASSET_SYMBOL_EXTENSIONS = YES;
				CLANG_ANALYZER_NONNULL = YES;
				CLANG_ANALYZER_NUMBER_OBJECT_CONVERSION = YES_AGGRESSIVE;
				CLANG_CXX_LANGUAGE_STANDARD = "gnu++20";
				CLANG_ENABLE_MODULES = YES;
				CLANG_ENABLE_OBJC_ARC = YES;
				CLANG_ENABLE_OBJC_WEAK = YES;
				CLANG_WARN_BLOCK_CAPTURE_AUTORELEASING = YES;
				CLANG_WARN_BOOL_CONVERSION = YES;
				CLANG_WARN_COMMA = YES;
				CLANG_WARN_CONSTANT_CONVERSION = YES;
				CLANG_WARN_DEPRECATED_OBJC_IMPLEMENTATIONS = YES;
				CLANG_WARN_DIRECT_OBJC_ISA_USAGE = YES_ERROR;
				CLANG_WARN_DOCUMENTATION_COMMENTS = YES;
				CLANG_WARN_EMPTY_BODY = YES;
				CLANG_WARN_ENUM_CONVERSION = YES;
				CLANG_WARN_INFINITE_RECURSION = YES;
				CLANG_WARN_INT_CONVERSION = YES;
				CLANG_WARN_NON_LITERAL_NULL_CONVERSION = YES;
				CLANG_WARN_OBJC_IMPLICIT_RETAIN_SELF = YES;
				CLANG_WARN_OBJC_LITERAL_CONVERSION = YES;
				CLANG_WARN_OBJC_ROOT_CLASS = YES_ERROR;
				CLANG_WARN_QUOTED_INCLUDE_IN_FRAMEWORK_HEADER = YES;
				CLANG_WARN_RANGE_LOOP_ANALYSIS = YES;
				CLANG_WARN_STRICT_PROTOTYPES = YES;
				CLANG_WARN_SUSPICIOUS_MOVE = YES;
				CLANG_WARN_UNGUARDED_AVAILABILITY = YES_AGGRESSIVE;
				CLANG_WARN_UNREACHABLE_CODE = YES;
				CLANG_WARN__DUPLICATE_METHOD_MATCH = YES;
				COPY_PHASE_STRIP = NO;
				DEBUG_INFORMATION_FORMAT = "dwarf-with-dsym";
				ENABLE_NS_ASSERTIONS = NO;
				ENABLE_STRICT_OBJC_MSGSEND = YES;
				ENABLE_USER_SCRIPT_SANDBOXING = NO;
				GCC_C_LANGUAGE_STANDARD = gnu17;
				GCC_NO_COMMON_BLOCKS = YES;
				GCC_WARN_64_TO_32_BIT_CONVERSION = YES;
				GCC_WARN_ABOUT_RETURN_TYPE = YES_ERROR;
				GCC_WARN_UNDECLARED_SELECTOR = YES;
				GCC_WARN_UNINITIALIZED_AUTOS = YES_AGGRESSIVE;
				GCC_WARN_UNUSED_FUNCTION = YES;
				GCC_WARN_UNUSED_VARIABLE = YES;
				IPHONEOS_DEPLOYMENT_TARGET = 18.1;
				LOCALIZATION_PREFERS_STRING_CATALOGS = YES;
				MTL_ENABLE_DEBUG_INFO = NO;
				MTL_FAST_MATH = YES;
				SDKROOT = iphoneos;
				SWIFT_COMPILATION_MODE = wholemodule;
				VALIDATE_PRODUCT = YES;
			};
			name = Release;
		};
/* End XCBuildConfiguration section */

/* Begin XCConfigurationList section */
		2C008D5F2D5682BF00225417 /* Build configuration list for PBXNativeTarget "GameCatalogAppTests" */ = {
			isa = XCConfigurationList;
			buildConfigurations = (
				2C008D5D2D5682BF00225417 /* Debug */,
				2C008D5E2D5682BF00225417 /* Release */,
			);
			defaultConfigurationIsVisible = 0;
			defaultConfigurationName = Release;
		};
		2C668C0C2D44037600A12247 /* Build configuration list for PBXProject "GameCatalogApp" */ = {
			isa = XCConfigurationList;
			buildConfigurations = (
				2C668C272D44037800A12247 /* Debug */,
				2C668C282D44037800A12247 /* Release */,
			);
			defaultConfigurationIsVisible = 0;
			defaultConfigurationName = Release;
		};
		2C668C242D44037800A12247 /* Build configuration list for PBXNativeTarget "GameCatalogApp" */ = {
			isa = XCConfigurationList;
			buildConfigurations = (
				2C668C252D44037800A12247 /* Debug */,
				2C668C262D44037800A12247 /* Release */,
			);
			defaultConfigurationIsVisible = 0;
			defaultConfigurationName = Release;
		};
/* End XCConfigurationList section */

/* Begin XCLocalSwiftPackageReference section */
		2C008ED72D570C2400225417 /* XCLocalSwiftPackageReference "Module/Core" */ = {
			isa = XCLocalSwiftPackageReference;
			relativePath = Module/Core;
		};
/* End XCLocalSwiftPackageReference section */

/* Begin XCRemoteSwiftPackageReference section */
		2C668C3C2D44818E00A12247 /* XCRemoteSwiftPackageReference "SwiftLintPlugins" */ = {
			isa = XCRemoteSwiftPackageReference;
			repositoryURL = "https://github.com/SimplyDanny/SwiftLintPlugins";
			requirement = {
				kind = upToNextMajorVersion;
				minimumVersion = 0.58.2;
			};
		};
		2C6CF6A42D4488BE001B7123 /* XCRemoteSwiftPackageReference "Kingfisher" */ = {
			isa = XCRemoteSwiftPackageReference;
			repositoryURL = "https://github.com/onevcat/Kingfisher.git";
			requirement = {
				kind = upToNextMajorVersion;
				minimumVersion = 8.1.3;
			};
		};
		2C6CF85D2D4882BD001B7123 /* XCRemoteSwiftPackageReference "Alamofire" */ = {
			isa = XCRemoteSwiftPackageReference;
			repositoryURL = "https://github.com/Alamofire/Alamofire";
			requirement = {
				kind = upToNextMajorVersion;
				minimumVersion = 5.10.2;
			};
		};
		2C6CF8622D488321001B7123 /* XCRemoteSwiftPackageReference "RxSwift" */ = {
			isa = XCRemoteSwiftPackageReference;
			repositoryURL = "https://github.com/ReactiveX/RxSwift";
			requirement = {
				kind = upToNextMajorVersion;
				minimumVersion = 6.8.0;
			};
		};
		2C6CF8672D48838D001B7123 /* XCRemoteSwiftPackageReference "Swinject" */ = {
			isa = XCRemoteSwiftPackageReference;
			repositoryURL = "https://github.com/Swinject/Swinject";
			requirement = {
				kind = upToNextMajorVersion;
				minimumVersion = 2.9.1;
			};
		};
/* End XCRemoteSwiftPackageReference section */

/* Begin XCSwiftPackageProductDependency section */
		2C008DDD2D570B8E00225417 /* Core */ = {
			isa = XCSwiftPackageProductDependency;
			productName = Core;
		};
		2C6CF6A52D4488BE001B7123 /* Kingfisher */ = {
			isa = XCSwiftPackageProductDependency;
			package = 2C6CF6A42D4488BE001B7123 /* XCRemoteSwiftPackageReference "Kingfisher" */;
			productName = Kingfisher;
		};
		2C6CF85E2D4882BD001B7123 /* Alamofire */ = {
			isa = XCSwiftPackageProductDependency;
			package = 2C6CF85D2D4882BD001B7123 /* XCRemoteSwiftPackageReference "Alamofire" */;
			productName = Alamofire;
		};
		2C6CF8632D488321001B7123 /* RxCocoa */ = {
			isa = XCSwiftPackageProductDependency;
			package = 2C6CF8622D488321001B7123 /* XCRemoteSwiftPackageReference "RxSwift" */;
			productName = RxCocoa;
		};
		2C6CF8652D488321001B7123 /* RxSwift */ = {
			isa = XCSwiftPackageProductDependency;
			package = 2C6CF8622D488321001B7123 /* XCRemoteSwiftPackageReference "RxSwift" */;
			productName = RxSwift;
		};
		2C6CF8682D48838D001B7123 /* Swinject */ = {
			isa = XCSwiftPackageProductDependency;
			package = 2C6CF8672D48838D001B7123 /* XCRemoteSwiftPackageReference "Swinject" */;
			productName = Swinject;
		};
/* End XCSwiftPackageProductDependency section */
	};
	rootObject = 2C668C092D44037600A12247 /* Project object */;
}
